
Microsoft Visual Studio Solution File, Format Version 12.00
# Visual Studio Version 16
VisualStudioVersion = 16.0.30413.136
MinimumVisualStudioVersion = 10.0.40219.1
Project("{FAE04EC0-301F-11D3-BF4B-00C04F79EFBC}") = "Uppgift 4.24", "Uppgift 4.24\Uppgift 4.24.csproj", "{B7EA629C-0D66-467E-A67A-F4E01BC1748C}"
EndProject
Global
	GlobalSection(SolutionConfigurationPlatforms) = preSolution
		Debug|Any CPU = Debug|Any CPU
		Release|Any CPU = Release|Any CPU
	EndGlobalSection
	GlobalSection(ProjectConfigurationPlatforms) = postSolution
		{B7EA629C-0D66-467E-A67A-F4E01BC1748C}.Debug|Any CPU.ActiveCfg = Debug|Any CPU
		{B7EA629C-0D66-467E-A67A-F4E01BC1748C}.Debug|Any CPU.Build.0 = Debug|Any CPU
		{B7EA629C-0D66-467E-A67A-F4E01BC1748C}.Release|Any CPU.ActiveCfg = Release|Any CPU
		{B7EA629C-0D66-467E-A67A-F4E01BC1748C}.Release|Any CPU.Build.0 = Release|Any CPU
	EndGlobalSection
	GlobalSection(SolutionProperties) = preSolution
		HideSolutionNode = FALSE
	EndGlobalSection
	GlobalSection(ExtensibilityGlobals) = postSolution
		SolutionGuid = {E11F4168-BD8F-47F4-BAD1-0CEC165969FF}
	EndGlobalSection
EndGlobal
