
Microsoft Visual Studio Solution File, Format Version 12.00
# Visual Studio Version 16
VisualStudioVersion = 16.0.30413.136
MinimumVisualStudioVersion = 10.0.40219.1
Project("{FAE04EC0-301F-11D3-BF4B-00C04F79EFBC}") = "ConsoleApp1", "ConsoleApp1\ConsoleApp1.csproj", "{E190865E-7224-45E0-B6A2-93D6172CEF88}"
EndProject
Global
	GlobalSection(SolutionConfigurationPlatforms) = preSolution
		Debug|Any CPU = Debug|Any CPU
		Release|Any CPU = Release|Any CPU
	EndGlobalSection
	GlobalSection(ProjectConfigurationPlatforms) = postSolution
		{E190865E-7224-45E0-B6A2-93D6172CEF88}.Debug|Any CPU.ActiveCfg = Debug|Any CPU
		{E190865E-7224-45E0-B6A2-93D6172CEF88}.Debug|Any CPU.Build.0 = Debug|Any CPU
		{E190865E-7224-45E0-B6A2-93D6172CEF88}.Release|Any CPU.ActiveCfg = Release|Any CPU
		{E190865E-7224-45E0-B6A2-93D6172CEF88}.Release|Any CPU.Build.0 = Release|Any CPU
	EndGlobalSection
	GlobalSection(SolutionProperties) = preSolution
		HideSolutionNode = FALSE
	EndGlobalSection
	GlobalSection(ExtensibilityGlobals) = postSolution
		SolutionGuid = {7E2D741A-94A1-4B07-A116-861BC777297F}
	EndGlobalSection
EndGlobal
